// !$*UTF8*$!
{
	archiveVersion = 1;
	classes = {
	};
	objectVersion = 50;
	objects = {

/* Begin PBXBuildFile section */
		8C03CF5722DD1C3C004FD3B6 /* ToyTableViewController.swift in Sources */ = {isa = PBXBuildFile; fileRef = 8C03CF5622DD1C3C004FD3B6 /* ToyTableViewController.swift */; };
		8C03CF5A22DE45B8004FD3B6 /* Lato-Regular.ttf in Resources */ = {isa = PBXBuildFile; fileRef = 8C03CF5922DE45B8004FD3B6 /* Lato-Regular.ttf */; };
		8C03CF6022DE5C34004FD3B6 /* SizeTableViewController.swift in Sources */ = {isa = PBXBuildFile; fileRef = 8C03CF5F22DE5C34004FD3B6 /* SizeTableViewController.swift */; };
		8C03CF6222DE5C66004FD3B6 /* OptionTableViewCell.swift in Sources */ = {isa = PBXBuildFile; fileRef = 8C03CF6122DE5C66004FD3B6 /* OptionTableViewCell.swift */; };
		8C12942E22DE651A00B583AF /* AgeGroupTableViewController.swift in Sources */ = {isa = PBXBuildFile; fileRef = 8C12942D22DE651A00B583AF /* AgeGroupTableViewController.swift */; };
		8C12943422DF832A00B583AF /* Toy.swift in Sources */ = {isa = PBXBuildFile; fileRef = 8C12943322DF832A00B583AF /* Toy.swift */; };
		8C142BC622E0FD300089571B /* Toys+CoreDataClass.swift in Sources */ = {isa = PBXBuildFile; fileRef = 8C142BC422E0FD300089571B /* Toys+CoreDataClass.swift */; };
		8C142BC722E0FD300089571B /* Toys+CoreDataProperties.swift in Sources */ = {isa = PBXBuildFile; fileRef = 8C142BC522E0FD300089571B /* Toys+CoreDataProperties.swift */; };
		8C142BCB22E1016B0089571B /* CameraController.swift in Sources */ = {isa = PBXBuildFile; fileRef = 8C142BCA22E1016B0089571B /* CameraController.swift */; };
		8C142BCD22E1026D0089571B /* CameraViewController.swift in Sources */ = {isa = PBXBuildFile; fileRef = 8C142BCC22E1026D0089571B /* CameraViewController.swift */; };
		8C9D663E22DCE33500763569 /* AppDelegate.swift in Sources */ = {isa = PBXBuildFile; fileRef = 8C9D663D22DCE33500763569 /* AppDelegate.swift */; };
		8C9D664322DCE33500763569 /* Main.storyboard in Resources */ = {isa = PBXBuildFile; fileRef = 8C9D664122DCE33500763569 /* Main.storyboard */; };
		8C9D664622DCE33500763569 /* MyToys.xcdatamodeld in Sources */ = {isa = PBXBuildFile; fileRef = 8C9D664422DCE33500763569 /* MyToys.xcdatamodeld */; };
		8C9D664822DCE33600763569 /* Assets.xcassets in Resources */ = {isa = PBXBuildFile; fileRef = 8C9D664722DCE33600763569 /* Assets.xcassets */; };
		8C9D664B22DCE33600763569 /* LaunchScreen.storyboard in Resources */ = {isa = PBXBuildFile; fileRef = 8C9D664922DCE33600763569 /* LaunchScreen.storyboard */; };
		8C9D665622DCEDF400763569 /* CardToysTableViewCell.swift in Sources */ = {isa = PBXBuildFile; fileRef = 8C9D665522DCEDF400763569 /* CardToysTableViewCell.swift */; };
		8C9D665A22DCF43B00763569 /* CardToysTableViewController.swift in Sources */ = {isa = PBXBuildFile; fileRef = 8C9D665922DCF43B00763569 /* CardToysTableViewController.swift */; };
/* End PBXBuildFile section */

/* Begin PBXFileReference section */
		8C03CF5622DD1C3C004FD3B6 /* ToyTableViewController.swift */ = {isa = PBXFileReference; lastKnownFileType = sourcecode.swift; path = ToyTableViewController.swift; sourceTree = "<group>"; };
		8C03CF5922DE45B8004FD3B6 /* Lato-Regular.ttf */ = {isa = PBXFileReference; lastKnownFileType = file; path = "Lato-Regular.ttf"; sourceTree = "<group>"; };
		8C03CF5F22DE5C34004FD3B6 /* SizeTableViewController.swift */ = {isa = PBXFileReference; lastKnownFileType = sourcecode.swift; path = SizeTableViewController.swift; sourceTree = "<group>"; };
		8C03CF6122DE5C66004FD3B6 /* OptionTableViewCell.swift */ = {isa = PBXFileReference; lastKnownFileType = sourcecode.swift; path = OptionTableViewCell.swift; sourceTree = "<group>"; };
		8C12942D22DE651A00B583AF /* AgeGroupTableViewController.swift */ = {isa = PBXFileReference; lastKnownFileType = sourcecode.swift; path = AgeGroupTableViewController.swift; sourceTree = "<group>"; };
		8C12943322DF832A00B583AF /* Toy.swift */ = {isa = PBXFileReference; lastKnownFileType = sourcecode.swift; path = Toy.swift; sourceTree = "<group>"; };
		8C142BC422E0FD300089571B /* Toys+CoreDataClass.swift */ = {isa = PBXFileReference; lastKnownFileType = sourcecode.swift; path = "Toys+CoreDataClass.swift"; sourceTree = "<group>"; };
		8C142BC522E0FD300089571B /* Toys+CoreDataProperties.swift */ = {isa = PBXFileReference; lastKnownFileType = sourcecode.swift; path = "Toys+CoreDataProperties.swift"; sourceTree = "<group>"; };
		8C142BCA22E1016B0089571B /* CameraController.swift */ = {isa = PBXFileReference; lastKnownFileType = sourcecode.swift; path = CameraController.swift; sourceTree = "<group>"; };
		8C142BCC22E1026D0089571B /* CameraViewController.swift */ = {isa = PBXFileReference; lastKnownFileType = sourcecode.swift; path = CameraViewController.swift; sourceTree = "<group>"; };
		8C9D663A22DCE33500763569 /* MyToys.app */ = {isa = PBXFileReference; explicitFileType = wrapper.application; includeInIndex = 0; path = MyToys.app; sourceTree = BUILT_PRODUCTS_DIR; };
		8C9D663D22DCE33500763569 /* AppDelegate.swift */ = {isa = PBXFileReference; lastKnownFileType = sourcecode.swift; path = AppDelegate.swift; sourceTree = "<group>"; };
		8C9D664222DCE33500763569 /* Base */ = {isa = PBXFileReference; lastKnownFileType = file.storyboard; name = Base; path = Base.lproj/Main.storyboard; sourceTree = "<group>"; };
		8C9D664522DCE33500763569 /* MyToys.xcdatamodel */ = {isa = PBXFileReference; lastKnownFileType = wrapper.xcdatamodel; path = MyToys.xcdatamodel; sourceTree = "<group>"; };
		8C9D664722DCE33600763569 /* Assets.xcassets */ = {isa = PBXFileReference; lastKnownFileType = folder.assetcatalog; path = Assets.xcassets; sourceTree = "<group>"; };
		8C9D664A22DCE33600763569 /* Base */ = {isa = PBXFileReference; lastKnownFileType = file.storyboard; name = Base; path = Base.lproj/LaunchScreen.storyboard; sourceTree = "<group>"; };
		8C9D664C22DCE33600763569 /* Info.plist */ = {isa = PBXFileReference; lastKnownFileType = text.plist.xml; path = Info.plist; sourceTree = "<group>"; };
		8C9D665522DCEDF400763569 /* CardToysTableViewCell.swift */ = {isa = PBXFileReference; lastKnownFileType = sourcecode.swift; path = CardToysTableViewCell.swift; sourceTree = "<group>"; };
		8C9D665922DCF43B00763569 /* CardToysTableViewController.swift */ = {isa = PBXFileReference; lastKnownFileType = sourcecode.swift; path = CardToysTableViewController.swift; sourceTree = "<group>"; };
/* End PBXFileReference section */

/* Begin PBXFrameworksBuildPhase section */
		8C9D663722DCE33500763569 /* Frameworks */ = {
			isa = PBXFrameworksBuildPhase;
			buildActionMask = 2147483647;
			files = (
			);
			runOnlyForDeploymentPostprocessing = 0;
		};
/* End PBXFrameworksBuildPhase section */

/* Begin PBXGroup section */
		8C03CF5822DE4581004FD3B6 /* Fonts */ = {
			isa = PBXGroup;
			children = (
				8C03CF5922DE45B8004FD3B6 /* Lato-Regular.ttf */,
			);
			path = Fonts;
			sourceTree = "<group>";
		};
		8C9D663122DCE33500763569 = {
			isa = PBXGroup;
			children = (
				8C9D663C22DCE33500763569 /* MyToys */,
				8C9D663B22DCE33500763569 /* Products */,
			);
			sourceTree = "<group>";
		};
		8C9D663B22DCE33500763569 /* Products */ = {
			isa = PBXGroup;
			children = (
				8C9D663A22DCE33500763569 /* MyToys.app */,
			);
			name = Products;
			sourceTree = "<group>";
		};
		8C9D663C22DCE33500763569 /* MyToys */ = {
			isa = PBXGroup;
			children = (
				8C03CF5822DE4581004FD3B6 /* Fonts */,
				8C9D665222DCECCA00763569 /* Model */,
				8C9D665322DCECD000763569 /* View */,
				8C9D665422DCECD700763569 /* Controller */,
				8C9D663D22DCE33500763569 /* AppDelegate.swift */,
				8C9D664122DCE33500763569 /* Main.storyboard */,
				8C9D664722DCE33600763569 /* Assets.xcassets */,
				8C9D664922DCE33600763569 /* LaunchScreen.storyboard */,
				8C9D664C22DCE33600763569 /* Info.plist */,
				8C9D664422DCE33500763569 /* MyToys.xcdatamodeld */,
			);
			path = MyToys;
			sourceTree = "<group>";
		};
		8C9D665222DCECCA00763569 /* Model */ = {
			isa = PBXGroup;
			children = (
				8C142BC422E0FD300089571B /* Toys+CoreDataClass.swift */,
				8C142BC522E0FD300089571B /* Toys+CoreDataProperties.swift */,
				8C12943322DF832A00B583AF /* Toy.swift */,
			);
			path = Model;
			sourceTree = "<group>";
		};
		8C9D665322DCECD000763569 /* View */ = {
			isa = PBXGroup;
			children = (
				8C9D665522DCEDF400763569 /* CardToysTableViewCell.swift */,
				8C03CF6122DE5C66004FD3B6 /* OptionTableViewCell.swift */,
			);
			path = View;
			sourceTree = "<group>";
		};
		8C9D665422DCECD700763569 /* Controller */ = {
			isa = PBXGroup;
			children = (
				8C9D665922DCF43B00763569 /* CardToysTableViewController.swift */,
				8C03CF5622DD1C3C004FD3B6 /* ToyTableViewController.swift */,
				8C03CF5F22DE5C34004FD3B6 /* SizeTableViewController.swift */,
				8C12942D22DE651A00B583AF /* AgeGroupTableViewController.swift */,
				8C142BCA22E1016B0089571B /* CameraController.swift */,
				8C142BCC22E1026D0089571B /* CameraViewController.swift */,
			);
			path = Controller;
			sourceTree = "<group>";
		};
/* End PBXGroup section */

/* Begin PBXNativeTarget section */
		8C9D663922DCE33500763569 /* MyToys */ = {
			isa = PBXNativeTarget;
			buildConfigurationList = 8C9D664F22DCE33600763569 /* Build configuration list for PBXNativeTarget "MyToys" */;
			buildPhases = (
				8C9D663622DCE33500763569 /* Sources */,
				8C9D663722DCE33500763569 /* Frameworks */,
				8C9D663822DCE33500763569 /* Resources */,
			);
			buildRules = (
			);
			dependencies = (
			);
			name = MyToys;
			productName = MyToys;
			productReference = 8C9D663A22DCE33500763569 /* MyToys.app */;
			productType = "com.apple.product-type.application";
		};
/* End PBXNativeTarget section */

/* Begin PBXProject section */
		8C9D663222DCE33500763569 /* Project object */ = {
			isa = PBXProject;
			attributes = {
				LastSwiftUpdateCheck = 1020;
				LastUpgradeCheck = 1020;
				ORGANIZATIONNAME = "Zewu Chen";
				TargetAttributes = {
					8C9D663922DCE33500763569 = {
						CreatedOnToolsVersion = 10.2.1;
					};
				};
			};
			buildConfigurationList = 8C9D663522DCE33500763569 /* Build configuration list for PBXProject "MyToys" */;
			compatibilityVersion = "Xcode 9.3";
			developmentRegion = en;
			hasScannedForEncodings = 0;
			knownRegions = (
				en,
				Base,
			);
			mainGroup = 8C9D663122DCE33500763569;
			productRefGroup = 8C9D663B22DCE33500763569 /* Products */;
			projectDirPath = "";
			projectRoot = "";
			targets = (
				8C9D663922DCE33500763569 /* MyToys */,
			);
		};
/* End PBXProject section */

/* Begin PBXResourcesBuildPhase section */
		8C9D663822DCE33500763569 /* Resources */ = {
			isa = PBXResourcesBuildPhase;
			buildActionMask = 2147483647;
			files = (
				8C9D664B22DCE33600763569 /* LaunchScreen.storyboard in Resources */,
				8C9D664822DCE33600763569 /* Assets.xcassets in Resources */,
				8C9D664322DCE33500763569 /* Main.storyboard in Resources */,
				8C03CF5A22DE45B8004FD3B6 /* Lato-Regular.ttf in Resources */,
			);
			runOnlyForDeploymentPostprocessing = 0;
		};
/* End PBXResourcesBuildPhase section */

/* Begin PBXSourcesBuildPhase section */
		8C9D663622DCE33500763569 /* Sources */ = {
			isa = PBXSourcesBuildPhase;
			buildActionMask = 2147483647;
			files = (
				8C03CF6022DE5C34004FD3B6 /* SizeTableViewController.swift in Sources */,
				8C9D665A22DCF43B00763569 /* CardToysTableViewController.swift in Sources */,
				8C9D664622DCE33500763569 /* MyToys.xcdatamodeld in Sources */,
				8C03CF5722DD1C3C004FD3B6 /* ToyTableViewController.swift in Sources */,
				8C142BCD22E1026D0089571B /* CameraViewController.swift in Sources */,
				8C9D665622DCEDF400763569 /* CardToysTableViewCell.swift in Sources */,
				8C9D663E22DCE33500763569 /* AppDelegate.swift in Sources */,
				8C142BCB22E1016B0089571B /* CameraController.swift in Sources */,
				8C142BC622E0FD300089571B /* Toys+CoreDataClass.swift in Sources */,
				8C12943422DF832A00B583AF /* Toy.swift in Sources */,
				8C03CF6222DE5C66004FD3B6 /* OptionTableViewCell.swift in Sources */,
				8C142BC722E0FD300089571B /* Toys+CoreDataProperties.swift in Sources */,
				8C12942E22DE651A00B583AF /* AgeGroupTableViewController.swift in Sources */,
			);
			runOnlyForDeploymentPostprocessing = 0;
		};
/* End PBXSourcesBuildPhase section */

/* Begin PBXVariantGroup section */
		8C9D664122DCE33500763569 /* Main.storyboard */ = {
			isa = PBXVariantGroup;
			children = (
				8C9D664222DCE33500763569 /* Base */,
			);
			name = Main.storyboard;
			sourceTree = "<group>";
		};
		8C9D664922DCE33600763569 /* LaunchScreen.storyboard */ = {
			isa = PBXVariantGroup;
			children = (
				8C9D664A22DCE33600763569 /* Base */,
			);
			name = LaunchScreen.storyboard;
			sourceTree = "<group>";
		};
/* End PBXVariantGroup section */

/* Begin XCBuildConfiguration section */
		8C9D664D22DCE33600763569 /* Debug */ = {
			isa = XCBuildConfiguration;
			buildSettings = {
				ALWAYS_SEARCH_USER_PATHS = NO;
				CLANG_ANALYZER_NONNULL = YES;
				CLANG_ANALYZER_NUMBER_OBJECT_CONVERSION = YES_AGGRESSIVE;
				CLANG_CXX_LANGUAGE_STANDARD = "gnu++14";
				CLANG_CXX_LIBRARY = "libc++";
				CLANG_ENABLE_MODULES = YES;
				CLANG_ENABLE_OBJC_ARC = YES;
				CLANG_ENABLE_OBJC_WEAK = YES;
				CLANG_WARN_BLOCK_CAPTURE_AUTORELEASING = YES;
				CLANG_WARN_BOOL_CONVERSION = YES;
				CLANG_WARN_COMMA = YES;
				CLANG_WARN_CONSTANT_CONVERSION = YES;
				CLANG_WARN_DEPRECATED_OBJC_IMPLEMENTATIONS = YES;
				CLANG_WARN_DIRECT_OBJC_ISA_USAGE = YES_ERROR;
				CLANG_WARN_DOCUMENTATION_COMMENTS = YES;
				CLANG_WARN_EMPTY_BODY = YES;
				CLANG_WARN_ENUM_CONVERSION = YES;
				CLANG_WARN_INFINITE_RECURSION = YES;
				CLANG_WARN_INT_CONVERSION = YES;
				CLANG_WARN_NON_LITERAL_NULL_CONVERSION = YES;
				CLANG_WARN_OBJC_IMPLICIT_RETAIN_SELF = YES;
				CLANG_WARN_OBJC_LITERAL_CONVERSION = YES;
				CLANG_WARN_OBJC_ROOT_CLASS = YES_ERROR;
				CLANG_WARN_RANGE_LOOP_ANALYSIS = YES;
				CLANG_WARN_STRICT_PROTOTYPES = YES;
				CLANG_WARN_SUSPICIOUS_MOVE = YES;
				CLANG_WARN_UNGUARDED_AVAILABILITY = YES_AGGRESSIVE;
				CLANG_WARN_UNREACHABLE_CODE = YES;
				CLANG_WARN__DUPLICATE_METHOD_MATCH = YES;
				CODE_SIGN_IDENTITY = "iPhone Developer";
				COPY_PHASE_STRIP = NO;
				DEBUG_INFORMATION_FORMAT = dwarf;
				ENABLE_STRICT_OBJC_MSGSEND = YES;
				ENABLE_TESTABILITY = YES;
				GCC_C_LANGUAGE_STANDARD = gnu11;
				GCC_DYNAMIC_NO_PIC = NO;
				GCC_NO_COMMON_BLOCKS = YES;
				GCC_OPTIMIZATION_LEVEL = 0;
				GCC_PREPROCESSOR_DEFINITIONS = (
					"DEBUG=1",
					"$(inherited)",
				);
				GCC_WARN_64_TO_32_BIT_CONVERSION = YES;
				GCC_WARN_ABOUT_RETURN_TYPE = YES_ERROR;
				GCC_WARN_UNDECLARED_SELECTOR = YES;
				GCC_WARN_UNINITIALIZED_AUTOS = YES_AGGRESSIVE;
				GCC_WARN_UNUSED_FUNCTION = YES;
				GCC_WARN_UNUSED_VARIABLE = YES;
				IPHONEOS_DEPLOYMENT_TARGET = 12.2;
				MTL_ENABLE_DEBUG_INFO = INCLUDE_SOURCE;
				MTL_FAST_MATH = YES;
				ONLY_ACTIVE_ARCH = YES;
				SDKROOT = iphoneos;
				SWIFT_ACTIVE_COMPILATION_CONDITIONS = DEBUG;
				SWIFT_OPTIMIZATION_LEVEL = "-Onone";
			};
			name = Debug;
		};
		8C9D664E22DCE33600763569 /* Release */ = {
			isa = XCBuildConfiguration;
			buildSettings = {
				ALWAYS_SEARCH_USER_PATHS = NO;
				CLANG_ANALYZER_NONNULL = YES;
				CLANG_ANALYZER_NUMBER_OBJECT_CONVERSION = YES_AGGRESSIVE;
				CLANG_CXX_LANGUAGE_STANDARD = "gnu++14";
				CLANG_CXX_LIBRARY = "libc++";
				CLANG_ENABLE_MODULES = YES;
				CLANG_ENABLE_OBJC_ARC = YES;
				CLANG_ENABLE_OBJC_WEAK = YES;
				CLANG_WARN_BLOCK_CAPTURE_AUTORELEASING = YES;
				CLANG_WARN_BOOL_CONVERSION = YES;
				CLANG_WARN_COMMA = YES;
				CLANG_WARN_CONSTANT_CONVERSION = YES;
				CLANG_WARN_DEPRECATED_OBJC_IMPLEMENTATIONS = YES;
				CLANG_WARN_DIRECT_OBJC_ISA_USAGE = YES_ERROR;
				CLANG_WARN_DOCUMENTATION_COMMENTS = YES;
				CLANG_WARN_EMPTY_BODY = YES;
				CLANG_WARN_ENUM_CONVERSION = YES;
				CLANG_WARN_INFINITE_RECURSION = YES;
				CLANG_WARN_INT_CONVERSION = YES;
				CLANG_WARN_NON_LITERAL_NULL_CONVERSION = YES;
				CLANG_WARN_OBJC_IMPLICIT_RETAIN_SELF = YES;
				CLANG_WARN_OBJC_LITERAL_CONVERSION = YES;
				CLANG_WARN_OBJC_ROOT_CLASS = YES_ERROR;
				CLANG_WARN_RANGE_LOOP_ANALYSIS = YES;
				CLANG_WARN_STRICT_PROTOTYPES = YES;
				CLANG_WARN_SUSPICIOUS_MOVE = YES;
				CLANG_WARN_UNGUARDED_AVAILABILITY = YES_AGGRESSIVE;
				CLANG_WARN_UNREACHABLE_CODE = YES;
				CLANG_WARN__DUPLICATE_METHOD_MATCH = YES;
				CODE_SIGN_IDENTITY = "iPhone Developer";
				COPY_PHASE_STRIP = NO;
				DEBUG_INFORMATION_FORMAT = "dwarf-with-dsym";
				ENABLE_NS_ASSERTIONS = NO;
				ENABLE_STRICT_OBJC_MSGSEND = YES;
				GCC_C_LANGUAGE_STANDARD = gnu11;
				GCC_NO_COMMON_BLOCKS = YES;
				GCC_WARN_64_TO_32_BIT_CONVERSION = YES;
				GCC_WARN_ABOUT_RETURN_TYPE = YES_ERROR;
				GCC_WARN_UNDECLARED_SELECTOR = YES;
				GCC_WARN_UNINITIALIZED_AUTOS = YES_AGGRESSIVE;
				GCC_WARN_UNUSED_FUNCTION = YES;
				GCC_WARN_UNUSED_VARIABLE = YES;
				IPHONEOS_DEPLOYMENT_TARGET = 12.2;
				MTL_ENABLE_DEBUG_INFO = NO;
				MTL_FAST_MATH = YES;
				SDKROOT = iphoneos;
				SWIFT_COMPILATION_MODE = wholemodule;
				SWIFT_OPTIMIZATION_LEVEL = "-O";
				VALIDATE_PRODUCT = YES;
			};
			name = Release;
		};
		8C9D665022DCE33600763569 /* Debug */ = {
			isa = XCBuildConfiguration;
			buildSettings = {
				ASSETCATALOG_COMPILER_APPICON_NAME = AppIcon;
				CODE_SIGN_STYLE = Automatic;
				DEVELOPMENT_TEAM = DB2793VW42;
				INFOPLIST_FILE = MyToys/Info.plist;
				LD_RUNPATH_SEARCH_PATHS = (
					"$(inherited)",
					"@executable_path/Frameworks",
				);
				PRODUCT_BUNDLE_IDENTIFIER = br.com.zewuchen.MyToys;
				PRODUCT_NAME = "$(TARGET_NAME)";
				SWIFT_VERSION = 5.0;
				TARGETED_DEVICE_FAMILY = "1,2";
			};
			name = Debug;
		};
		8C9D665122DCE33600763569 /* Release */ = {
			isa = XCBuildConfiguration;
			buildSettings = {
				ASSETCATALOG_COMPILER_APPICON_NAME = AppIcon;
				CODE_SIGN_STYLE = Automatic;
				DEVELOPMENT_TEAM = DB2793VW42;
				INFOPLIST_FILE = MyToys/Info.plist;
				LD_RUNPATH_SEARCH_PATHS = (
					"$(inherited)",
					"@executable_path/Frameworks",
				);
				PRODUCT_BUNDLE_IDENTIFIER = br.com.zewuchen.MyToys;
				PRODUCT_NAME = "$(TARGET_NAME)";
				SWIFT_VERSION = 5.0;
				TARGETED_DEVICE_FAMILY = "1,2";
			};
			name = Release;
		};
/* End XCBuildConfiguration section */

/* Begin XCConfigurationList section */
		8C9D663522DCE33500763569 /* Build configuration list for PBXProject "MyToys" */ = {
			isa = XCConfigurationList;
			buildConfigurations = (
				8C9D664D22DCE33600763569 /* Debug */,
				8C9D664E22DCE33600763569 /* Release */,
			);
			defaultConfigurationIsVisible = 0;
			defaultConfigurationName = Release;
		};
		8C9D664F22DCE33600763569 /* Build configuration list for PBXNativeTarget "MyToys" */ = {
			isa = XCConfigurationList;
			buildConfigurations = (
				8C9D665022DCE33600763569 /* Debug */,
				8C9D665122DCE33600763569 /* Release */,
			);
			defaultConfigurationIsVisible = 0;
			defaultConfigurationName = Release;
		};
/* End XCConfigurationList section */

/* Begin XCVersionGroup section */
		8C9D664422DCE33500763569 /* MyToys.xcdatamodeld */ = {
			isa = XCVersionGroup;
			children = (
				8C9D664522DCE33500763569 /* MyToys.xcdatamodel */,
			);
			currentVersion = 8C9D664522DCE33500763569 /* MyToys.xcdatamodel */;
			path = MyToys.xcdatamodeld;
			sourceTree = "<group>";
			versionGroupType = wrapper.xcdatamodel;
		};
/* End XCVersionGroup section */
	};
	rootObject = 8C9D663222DCE33500763569 /* Project object */;
}
